
Microsoft Visual Studio Solution File, Format Version 12.00
# Visual Studio Version 17
VisualStudioVersion = 17.5.33424.131
MinimumVisualStudioVersion = 10.0.40219.1
Project("{FAE04EC0-301F-11D3-BF4B-00C04F79EFBC}") = "bytebank_ADM", "bytebank_ADM\bytebank_ADM.csproj", "{E70976CD-730C-4A30-80FF-896056E0BF23}"
EndProject
Global
	GlobalSection(SolutionConfigurationPlatforms) = preSolution
		Debug|Any CPU = Debug|Any CPU
		Release|Any CPU = Release|Any CPU
	EndGlobalSection
	GlobalSection(ProjectConfigurationPlatforms) = postSolution
		{E70976CD-730C-4A30-80FF-896056E0BF23}.Debug|Any CPU.ActiveCfg = Debug|Any CPU
		{E70976CD-730C-4A30-80FF-896056E0BF23}.Debug|Any CPU.Build.0 = Debug|Any CPU
		{E70976CD-730C-4A30-80FF-896056E0BF23}.Release|Any CPU.ActiveCfg = Release|Any CPU
		{E70976CD-730C-4A30-80FF-896056E0BF23}.Release|Any CPU.Build.0 = Release|Any CPU
	EndGlobalSection
	GlobalSection(SolutionProperties) = preSolution
		HideSolutionNode = FALSE
	EndGlobalSection
	GlobalSection(ExtensibilityGlobals) = postSolution
		SolutionGuid = {5876E924-7E45-40B0-8F88-E12C14B2FDC5}
	EndGlobalSection
EndGlobal
