
Microsoft Visual Studio Solution File, Format Version 12.00
# Visual Studio Version 17
VisualStudioVersion = 17.5.33424.131
MinimumVisualStudioVersion = 10.0.40219.1
Project("{FAE04EC0-301F-11D3-BF4B-00C04F79EFBC}") = "2-CriandoVaraveis", "2-CriandoVaraveis\2-CriandoVaraveis.csproj", "{D642E864-A771-4277-9AE9-7F35EBB0D1C5}"
EndProject
Global
	GlobalSection(SolutionConfigurationPlatforms) = preSolution
		Debug|Any CPU = Debug|Any CPU
		Release|Any CPU = Release|Any CPU
	EndGlobalSection
	GlobalSection(ProjectConfigurationPlatforms) = postSolution
		{D642E864-A771-4277-9AE9-7F35EBB0D1C5}.Debug|Any CPU.ActiveCfg = Debug|Any CPU
		{D642E864-A771-4277-9AE9-7F35EBB0D1C5}.Debug|Any CPU.Build.0 = Debug|Any CPU
		{D642E864-A771-4277-9AE9-7F35EBB0D1C5}.Release|Any CPU.ActiveCfg = Release|Any CPU
		{D642E864-A771-4277-9AE9-7F35EBB0D1C5}.Release|Any CPU.Build.0 = Release|Any CPU
	EndGlobalSection
	GlobalSection(SolutionProperties) = preSolution
		HideSolutionNode = FALSE
	EndGlobalSection
	GlobalSection(ExtensibilityGlobals) = postSolution
		SolutionGuid = {C9493149-C984-49F5-AF28-1C4F2905E182}
	EndGlobalSection
EndGlobal
